// !$*UTF8*$!
{
	archiveVersion = 1;
	classes = {
	};
	objectVersion = 46;
	objects = {

/* Begin PBXBuildFile section */
		D6EDFED11E674744002071DE /* AppDelegate.swift in Sources */ = {isa = PBXBuildFile; fileRef = D6EDFED01E674743002071DE /* AppDelegate.swift */; };
		D6EDFED31E674744002071DE /* ViewController.swift in Sources */ = {isa = PBXBuildFile; fileRef = D6EDFED21E674744002071DE /* ViewController.swift */; };
		D6EDFED61E674744002071DE /* Main.storyboard in Resources */ = {isa = PBXBuildFile; fileRef = D6EDFED41E674744002071DE /* Main.storyboard */; };
		D6EDFED91E674744002071DE /* CoinCollecter3.xcdatamodeld in Sources */ = {isa = PBXBuildFile; fileRef = D6EDFED71E674744002071DE /* CoinCollecter3.xcdatamodeld */; };
		D6EDFEDB1E674744002071DE /* Assets.xcassets in Resources */ = {isa = PBXBuildFile; fileRef = D6EDFEDA1E674744002071DE /* Assets.xcassets */; };
		D6EDFEDE1E674744002071DE /* LaunchScreen.storyboard in Resources */ = {isa = PBXBuildFile; fileRef = D6EDFEDC1E674744002071DE /* LaunchScreen.storyboard */; };
		D6EDFEE61E6748F5002071DE /* 15328421_1295385920525576_1647950251_n.jpg in Resources */ = {isa = PBXBuildFile; fileRef = D6EDFEE51E6748F5002071DE /* 15328421_1295385920525576_1647950251_n.jpg */; };
		D6EDFEE81E674996002071DE /* AddCoinViewController.swift in Sources */ = {isa = PBXBuildFile; fileRef = D6EDFEE71E674996002071DE /* AddCoinViewController.swift */; };
/* End PBXBuildFile section */

/* Begin PBXFileReference section */
		D6EDFECD1E674743002071DE /* CoinCollecter3.app */ = {isa = PBXFileReference; explicitFileType = wrapper.application; includeInIndex = 0; path = CoinCollecter3.app; sourceTree = BUILT_PRODUCTS_DIR; };
		D6EDFED01E674743002071DE /* AppDelegate.swift */ = {isa = PBXFileReference; lastKnownFileType = sourcecode.swift; path = AppDelegate.swift; sourceTree = "<group>"; };
		D6EDFED21E674744002071DE /* ViewController.swift */ = {isa = PBXFileReference; lastKnownFileType = sourcecode.swift; path = ViewController.swift; sourceTree = "<group>"; };
		D6EDFED51E674744002071DE /* Base */ = {isa = PBXFileReference; lastKnownFileType = file.storyboard; name = Base; path = Base.lproj/Main.storyboard; sourceTree = "<group>"; };
		D6EDFED81E674744002071DE /* CoinCollecter3.xcdatamodel */ = {isa = PBXFileReference; lastKnownFileType = wrapper.xcdatamodel; path = CoinCollecter3.xcdatamodel; sourceTree = "<group>"; };
		D6EDFEDA1E674744002071DE /* Assets.xcassets */ = {isa = PBXFileReference; lastKnownFileType = folder.assetcatalog; path = Assets.xcassets; sourceTree = "<group>"; };
		D6EDFEDD1E674744002071DE /* Base */ = {isa = PBXFileReference; lastKnownFileType = file.storyboard; name = Base; path = Base.lproj/LaunchScreen.storyboard; sourceTree = "<group>"; };
		D6EDFEDF1E674744002071DE /* Info.plist */ = {isa = PBXFileReference; lastKnownFileType = text.plist.xml; path = Info.plist; sourceTree = "<group>"; };
		D6EDFEE51E6748F5002071DE /* 15328421_1295385920525576_1647950251_n.jpg */ = {isa = PBXFileReference; lastKnownFileType = image.jpeg; path = 15328421_1295385920525576_1647950251_n.jpg; sourceTree = "<group>"; };
		D6EDFEE71E674996002071DE /* AddCoinViewController.swift */ = {isa = PBXFileReference; fileEncoding = 4; lastKnownFileType = sourcecode.swift; path = AddCoinViewController.swift; sourceTree = "<group>"; };
/* End PBXFileReference section */

/* Begin PBXFrameworksBuildPhase section */
		D6EDFECA1E674743002071DE /* Frameworks */ = {
			isa = PBXFrameworksBuildPhase;
			buildActionMask = 2147483647;
			files = (
			);
			runOnlyForDeploymentPostprocessing = 0;
		};
/* End PBXFrameworksBuildPhase section */

/* Begin PBXGroup section */
		D6EDFEC41E674743002071DE = {
			isa = PBXGroup;
			children = (
				D6EDFECF1E674743002071DE /* CoinCollecter3 */,
				D6EDFECE1E674743002071DE /* Products */,
			);
			sourceTree = "<group>";
		};
		D6EDFECE1E674743002071DE /* Products */ = {
			isa = PBXGroup;
			children = (
				D6EDFECD1E674743002071DE /* CoinCollecter3.app */,
			);
			name = Products;
			sourceTree = "<group>";
		};
		D6EDFECF1E674743002071DE /* CoinCollecter3 */ = {
			isa = PBXGroup;
			children = (
				D6EDFEE51E6748F5002071DE /* 15328421_1295385920525576_1647950251_n.jpg */,
				D6EDFED01E674743002071DE /* AppDelegate.swift */,
				D6EDFED21E674744002071DE /* ViewController.swift */,
				D6EDFED41E674744002071DE /* Main.storyboard */,
				D6EDFEE71E674996002071DE /* AddCoinViewController.swift */,
				D6EDFEDA1E674744002071DE /* Assets.xcassets */,
				D6EDFEDC1E674744002071DE /* LaunchScreen.storyboard */,
				D6EDFEDF1E674744002071DE /* Info.plist */,
				D6EDFED71E674744002071DE /* CoinCollecter3.xcdatamodeld */,
			);
			path = CoinCollecter3;
			sourceTree = "<group>";
		};
/* End PBXGroup section */

/* Begin PBXNativeTarget section */
		D6EDFECC1E674743002071DE /* CoinCollecter3 */ = {
			isa = PBXNativeTarget;
			buildConfigurationList = D6EDFEE21E674744002071DE /* Build configuration list for PBXNativeTarget "CoinCollecter3" */;
			buildPhases = (
				D6EDFEC91E674743002071DE /* Sources */,
				D6EDFECA1E674743002071DE /* Frameworks */,
				D6EDFECB1E674743002071DE /* Resources */,
			);
			buildRules = (
			);
			dependencies = (
			);
			name = CoinCollecter3;
			productName = CoinCollecter3;
			productReference = D6EDFECD1E674743002071DE /* CoinCollecter3.app */;
			productType = "com.apple.product-type.application";
		};
/* End PBXNativeTarget section */

/* Begin PBXProject section */
		D6EDFEC51E674743002071DE /* Project object */ = {
			isa = PBXProject;
			attributes = {
				LastSwiftUpdateCheck = 0830;
				LastUpgradeCheck = 0830;
				ORGANIZATIONNAME = "Michael Kjemtrup";
				TargetAttributes = {
					D6EDFECC1E674743002071DE = {
						CreatedOnToolsVersion = 8.3;
						DevelopmentTeam = 5335627933;
						ProvisioningStyle = Automatic;
					};
				};
			};
			buildConfigurationList = D6EDFEC81E674743002071DE /* Build configuration list for PBXProject "CoinCollecter3" */;
			compatibilityVersion = "Xcode 3.2";
			developmentRegion = English;
			hasScannedForEncodings = 0;
			knownRegions = (
				en,
				Base,
			);
			mainGroup = D6EDFEC41E674743002071DE;
			productRefGroup = D6EDFECE1E674743002071DE /* Products */;
			projectDirPath = "";
			projectRoot = "";
			targets = (
				D6EDFECC1E674743002071DE /* CoinCollecter3 */,
			);
		};
/* End PBXProject section */

/* Begin PBXResourcesBuildPhase section */
		D6EDFECB1E674743002071DE /* Resources */ = {
			isa = PBXResourcesBuildPhase;
			buildActionMask = 2147483647;
			files = (
				D6EDFEE61E6748F5002071DE /* 15328421_1295385920525576_1647950251_n.jpg in Resources */,
				D6EDFEDE1E674744002071DE /* LaunchScreen.storyboard in Resources */,
				D6EDFEDB1E674744002071DE /* Assets.xcassets in Resources */,
				D6EDFED61E674744002071DE /* Main.storyboard in Resources */,
			);
			runOnlyForDeploymentPostprocessing = 0;
		};
/* End PBXResourcesBuildPhase section */

/* Begin PBXSourcesBuildPhase section */
		D6EDFEC91E674743002071DE /* Sources */ = {
			isa = PBXSourcesBuildPhase;
			buildActionMask = 2147483647;
			files = (
				D6EDFED31E674744002071DE /* ViewController.swift in Sources */,
				D6EDFED91E674744002071DE /* CoinCollecter3.xcdatamodeld in Sources */,
				D6EDFED11E674744002071DE /* AppDelegate.swift in Sources */,
				D6EDFEE81E674996002071DE /* AddCoinViewController.swift in Sources */,
			);
			runOnlyForDeploymentPostprocessing = 0;
		};
/* End PBXSourcesBuildPhase section */

/* Begin PBXVariantGroup section */
		D6EDFED41E674744002071DE /* Main.storyboard */ = {
			isa = PBXVariantGroup;
			children = (
				D6EDFED51E674744002071DE /* Base */,
			);
			name = Main.storyboard;
			sourceTree = "<group>";
		};
		D6EDFEDC1E674744002071DE /* LaunchScreen.storyboard */ = {
			isa = PBXVariantGroup;
			children = (
				D6EDFEDD1E674744002071DE /* Base */,
			);
			name = LaunchScreen.storyboard;
			sourceTree = "<group>";
		};
/* End PBXVariantGroup section */

/* Begin XCBuildConfiguration section */
		D6EDFEE01E674744002071DE /* Debug */ = {
			isa = XCBuildConfiguration;
			buildSettings = {
				ALWAYS_SEARCH_USER_PATHS = NO;
				CLANG_ANALYZER_NONNULL = YES;
				CLANG_ANALYZER_NUMBER_OBJECT_CONVERSION = YES_AGGRESSIVE;
				CLANG_CXX_LANGUAGE_STANDARD = "gnu++0x";
				CLANG_CXX_LIBRARY = "libc++";
				CLANG_ENABLE_MODULES = YES;
				CLANG_ENABLE_OBJC_ARC = YES;
				CLANG_WARN_BOOL_CONVERSION = YES;
				CLANG_WARN_CONSTANT_CONVERSION = YES;
				CLANG_WARN_DIRECT_OBJC_ISA_USAGE = YES_ERROR;
				CLANG_WARN_DOCUMENTATION_COMMENTS = YES;
				CLANG_WARN_EMPTY_BODY = YES;
				CLANG_WARN_ENUM_CONVERSION = YES;
				CLANG_WARN_INFINITE_RECURSION = YES;
				CLANG_WARN_INT_CONVERSION = YES;
				CLANG_WARN_OBJC_ROOT_CLASS = YES_ERROR;
				CLANG_WARN_SUSPICIOUS_MOVE = YES;
				CLANG_WARN_UNREACHABLE_CODE = YES;
				CLANG_WARN__DUPLICATE_METHOD_MATCH = YES;
				"CODE_SIGN_IDENTITY[sdk=iphoneos*]" = "iPhone Developer";
				COPY_PHASE_STRIP = NO;
				DEBUG_INFORMATION_FORMAT = dwarf;
				ENABLE_STRICT_OBJC_MSGSEND = YES;
				ENABLE_TESTABILITY = YES;
				GCC_C_LANGUAGE_STANDARD = gnu99;
				GCC_DYNAMIC_NO_PIC = NO;
				GCC_NO_COMMON_BLOCKS = YES;
				GCC_OPTIMIZATION_LEVEL = 0;
				GCC_PREPROCESSOR_DEFINITIONS = (
					"DEBUG=1",
					"$(inherited)",
				);
				GCC_WARN_64_TO_32_BIT_CONVERSION = YES;
				GCC_WARN_ABOUT_RETURN_TYPE = YES_ERROR;
				GCC_WARN_UNDECLARED_SELECTOR = YES;
				GCC_WARN_UNINITIALIZED_AUTOS = YES_AGGRESSIVE;
				GCC_WARN_UNUSED_FUNCTION = YES;
				GCC_WARN_UNUSED_VARIABLE = YES;
				IPHONEOS_DEPLOYMENT_TARGET = 10.3;
				MTL_ENABLE_DEBUG_INFO = YES;
				ONLY_ACTIVE_ARCH = YES;
				SDKROOT = iphoneos;
				SWIFT_ACTIVE_COMPILATION_CONDITIONS = DEBUG;
				SWIFT_OPTIMIZATION_LEVEL = "-Onone";
				TARGETED_DEVICE_FAMILY = "1,2";
			};
			name = Debug;
		};
		D6EDFEE11E674744002071DE /* Release */ = {
			isa = XCBuildConfiguration;
			buildSettings = {
				ALWAYS_SEARCH_USER_PATHS = NO;
				CLANG_ANALYZER_NONNULL = YES;
				CLANG_ANALYZER_NUMBER_OBJECT_CONVERSION = YES_AGGRESSIVE;
				CLANG_CXX_LANGUAGE_STANDARD = "gnu++0x";
				CLANG_CXX_LIBRARY = "libc++";
				CLANG_ENABLE_MODULES = YES;
				CLANG_ENABLE_OBJC_ARC = YES;
				CLANG_WARN_BOOL_CONVERSION = YES;
				CLANG_WARN_CONSTANT_CONVERSION = YES;
				CLANG_WARN_DIRECT_OBJC_ISA_USAGE = YES_ERROR;
				CLANG_WARN_DOCUMENTATION_COMMENTS = YES;
				CLANG_WARN_EMPTY_BODY = YES;
				CLANG_WARN_ENUM_CONVERSION = YES;
				CLANG_WARN_INFINITE_RECURSION = YES;
				CLANG_WARN_INT_CONVERSION = YES;
				CLANG_WARN_OBJC_ROOT_CLASS = YES_ERROR;
				CLANG_WARN_SUSPICIOUS_MOVE = YES;
				CLANG_WARN_UNREACHABLE_CODE = YES;
				CLANG_WARN__DUPLICATE_METHOD_MATCH = YES;
				"CODE_SIGN_IDENTITY[sdk=iphoneos*]" = "iPhone Developer";
				COPY_PHASE_STRIP = NO;
				DEBUG_INFORMATION_FORMAT = "dwarf-with-dsym";
				ENABLE_NS_ASSERTIONS = NO;
				ENABLE_STRICT_OBJC_MSGSEND = YES;
				GCC_C_LANGUAGE_STANDARD = gnu99;
				GCC_NO_COMMON_BLOCKS = YES;
				GCC_WARN_64_TO_32_BIT_CONVERSION = YES;
				GCC_WARN_ABOUT_RETURN_TYPE = YES_ERROR;
				GCC_WARN_UNDECLARED_SELECTOR = YES;
				GCC_WARN_UNINITIALIZED_AUTOS = YES_AGGRESSIVE;
				GCC_WARN_UNUSED_FUNCTION = YES;
				GCC_WARN_UNUSED_VARIABLE = YES;
				IPHONEOS_DEPLOYMENT_TARGET = 10.3;
				MTL_ENABLE_DEBUG_INFO = NO;
				SDKROOT = iphoneos;
				SWIFT_OPTIMIZATION_LEVEL = "-Owholemodule";
				TARGETED_DEVICE_FAMILY = "1,2";
				VALIDATE_PRODUCT = YES;
			};
			name = Release;
		};
		D6EDFEE31E674744002071DE /* Debug */ = {
			isa = XCBuildConfiguration;
			buildSettings = {
				ASSETCATALOG_COMPILER_APPICON_NAME = AppIcon;
				DEVELOPMENT_TEAM = 5335627933;
				INFOPLIST_FILE = CoinCollecter3/Info.plist;
				IPHONEOS_DEPLOYMENT_TARGET = 10.2;
				LD_RUNPATH_SEARCH_PATHS = "$(inherited) @executable_path/Frameworks";
				PRODUCT_BUNDLE_IDENTIFIER = me.kjemtrup.CoinCollecter3;
				PRODUCT_NAME = "$(TARGET_NAME)";
				SWIFT_VERSION = 3.0;
			};
			name = Debug;
		};
		D6EDFEE41E674744002071DE /* Release */ = {
			isa = XCBuildConfiguration;
			buildSettings = {
				ASSETCATALOG_COMPILER_APPICON_NAME = AppIcon;
				DEVELOPMENT_TEAM = 5335627933;
				INFOPLIST_FILE = CoinCollecter3/Info.plist;
				IPHONEOS_DEPLOYMENT_TARGET = 10.2;
				LD_RUNPATH_SEARCH_PATHS = "$(inherited) @executable_path/Frameworks";
				PRODUCT_BUNDLE_IDENTIFIER = me.kjemtrup.CoinCollecter3;
				PRODUCT_NAME = "$(TARGET_NAME)";
				SWIFT_VERSION = 3.0;
			};
			name = Release;
		};
/* End XCBuildConfiguration section */

/* Begin XCConfigurationList section */
		D6EDFEC81E674743002071DE /* Build configuration list for PBXProject "CoinCollecter3" */ = {
			isa = XCConfigurationList;
			buildConfigurations = (
				D6EDFEE01E674744002071DE /* Debug */,
				D6EDFEE11E674744002071DE /* Release */,
			);
			defaultConfigurationIsVisible = 0;
			defaultConfigurationName = Release;
		};
		D6EDFEE21E674744002071DE /* Build configuration list for PBXNativeTarget "CoinCollecter3" */ = {
			isa = XCConfigurationList;
			buildConfigurations = (
				D6EDFEE31E674744002071DE /* Debug */,
				D6EDFEE41E674744002071DE /* Release */,
			);
			defaultConfigurationIsVisible = 0;
			defaultConfigurationName = Release;
		};
/* End XCConfigurationList section */

/* Begin XCVersionGroup section */
		D6EDFED71E674744002071DE /* CoinCollecter3.xcdatamodeld */ = {
			isa = XCVersionGroup;
			children = (
				D6EDFED81E674744002071DE /* CoinCollecter3.xcdatamodel */,
			);
			currentVersion = D6EDFED81E674744002071DE /* CoinCollecter3.xcdatamodel */;
			path = CoinCollecter3.xcdatamodeld;
			sourceTree = "<group>";
			versionGroupType = wrapper.xcdatamodel;
		};
/* End XCVersionGroup section */
	};
	rootObject = D6EDFEC51E674743002071DE /* Project object */;
}
